
Microsoft Visual Studio Solution File, Format Version 12.00
# Visual Studio 15
VisualStudioVersion = 15.0.28307.757
MinimumVisualStudioVersion = 10.0.40219.1
Project("{FAE04EC0-301F-11D3-BF4B-00C04F79EFBC}") = "ExampleSalesApp", "ExampleSalesApp\ExampleSalesApp.csproj", "{362036DA-E9BC-459B-BF82-2992FFCEF377}"
EndProject
Project("{FAE04EC0-301F-11D3-BF4B-00C04F79EFBC}") = "SalesAppUnitTest", "SalesAppUnitTest\SalesAppUnitTest.csproj", "{C100D87D-261D-4443-A4B1-B4FC0FD2CF3C}"
EndProject
Global
	GlobalSection(SolutionConfigurationPlatforms) = preSolution
		Debug|Any CPU = Debug|Any CPU
		Release|Any CPU = Release|Any CPU
	EndGlobalSection
	GlobalSection(ProjectConfigurationPlatforms) = postSolution
		{362036DA-E9BC-459B-BF82-2992FFCEF377}.Debug|Any CPU.ActiveCfg = Debug|Any CPU
		{362036DA-E9BC-459B-BF82-2992FFCEF377}.Debug|Any CPU.Build.0 = Debug|Any CPU
		{362036DA-E9BC-459B-BF82-2992FFCEF377}.Release|Any CPU.ActiveCfg = Release|Any CPU
		{362036DA-E9BC-459B-BF82-2992FFCEF377}.Release|Any CPU.Build.0 = Release|Any CPU
		{C100D87D-261D-4443-A4B1-B4FC0FD2CF3C}.Debug|Any CPU.ActiveCfg = Debug|Any CPU
		{C100D87D-261D-4443-A4B1-B4FC0FD2CF3C}.Debug|Any CPU.Build.0 = Debug|Any CPU
		{C100D87D-261D-4443-A4B1-B4FC0FD2CF3C}.Release|Any CPU.ActiveCfg = Release|Any CPU
		{C100D87D-261D-4443-A4B1-B4FC0FD2CF3C}.Release|Any CPU.Build.0 = Release|Any CPU
	EndGlobalSection
	GlobalSection(SolutionProperties) = preSolution
		HideSolutionNode = FALSE
	EndGlobalSection
	GlobalSection(ExtensibilityGlobals) = postSolution
		SolutionGuid = {E0A8D685-8A60-4925-A0B3-A718A88D2E78}
	EndGlobalSection
EndGlobal
